
Microsoft Visual Studio Solution File, Format Version 11.00
# Visual Studio 2010
Project("{8BC9CEB8-8B4A-11D0-8D11-00A0C91BC942}") = "Esercitazione2", "Esercitazione2.vcxproj", "{FE37CFB8-AC5C-4D59-ACBB-9B650991FD8E}"
EndProject
Global
	GlobalSection(SolutionConfigurationPlatforms) = preSolution
		Debug|Win32 = Debug|Win32
		Release|Win32 = Release|Win32
	EndGlobalSection
	GlobalSection(ProjectConfigurationPlatforms) = postSolution
		{FE37CFB8-AC5C-4D59-ACBB-9B650991FD8E}.Debug|Win32.ActiveCfg = Debug|Win32
		{FE37CFB8-AC5C-4D59-ACBB-9B650991FD8E}.Debug|Win32.Build.0 = Debug|Win32
		{FE37CFB8-AC5C-4D59-ACBB-9B650991FD8E}.Release|Win32.ActiveCfg = Release|Win32
		{FE37CFB8-AC5C-4D59-ACBB-9B650991FD8E}.Release|Win32.Build.0 = Release|Win32
	EndGlobalSection
	GlobalSection(SolutionProperties) = preSolution
		HideSolutionNode = FALSE
	EndGlobalSection
EndGlobal
