
Microsoft Visual Studio Solution File, Format Version 11.00
# Visual Studio 2010
Project("{8BC9CEB8-8B4A-11D0-8D11-00A0C91BC942}") = "E1", "E1.vcxproj", "{706CB150-8088-4F6B-9304-B56DF5C3084C}"
EndProject
Global
	GlobalSection(SolutionConfigurationPlatforms) = preSolution
		Debug|Win32 = Debug|Win32
		Release|Win32 = Release|Win32
	EndGlobalSection
	GlobalSection(ProjectConfigurationPlatforms) = postSolution
		{706CB150-8088-4F6B-9304-B56DF5C3084C}.Debug|Win32.ActiveCfg = Debug|Win32
		{706CB150-8088-4F6B-9304-B56DF5C3084C}.Debug|Win32.Build.0 = Debug|Win32
		{706CB150-8088-4F6B-9304-B56DF5C3084C}.Release|Win32.ActiveCfg = Release|Win32
		{706CB150-8088-4F6B-9304-B56DF5C3084C}.Release|Win32.Build.0 = Release|Win32
	EndGlobalSection
	GlobalSection(SolutionProperties) = preSolution
		HideSolutionNode = FALSE
	EndGlobalSection
EndGlobal
